Microsoft Visual Studio Solution File, Format Version 11.00
# Visual Studio 2008

Project("{D0C1BE40-9748-402F-921C-678756025245}") = "scripting_1600", "Assembly-CSharp.csproj", "{7E80AE71-8C65-4611-9191-7831E5AF503F}"
EndProject
Global
	GlobalSection(SolutionConfigurationPlatforms) = preSolution
		Debug|Any CPU = Debug|Any CPU
		Release|Any CPU = Release|Any CPU
	EndGlobalSection
	GlobalSection(ProjectConfigurationPlatforms) = postSolution
		{7E80AE71-8C65-4611-9191-7831E5AF503F}.Debug|Any CPU.ActiveCfg = Debug|Any CPU
		{7E80AE71-8C65-4611-9191-7831E5AF503F}.Debug|Any CPU.Build.0 = Debug|Any CPU
		{7E80AE71-8C65-4611-9191-7831E5AF503F}.Release|Any CPU.ActiveCfg = Release|Any CPU
		{7E80AE71-8C65-4611-9191-7831E5AF503F}.Release|Any CPU.Build.0 = Release|Any CPU
	EndGlobalSection
	GlobalSection(SolutionProperties) = preSolution
		HideSolutionNode = FALSE
	EndGlobalSection
																																															GlobalSection(MonoDevelopProperties) = preSolution
=======
																																							GlobalSection(MonoDevelopProperties) = preSolution
=======
																																	GlobalSection(MonoDevelopProperties) = preSolution
>>>>>>> 30f6a6767c601bacc4735021a1cf86342845d67d
>>>>>>> 1f1d4655c86a41b73f3bf449b74230db787569a9
		StartupItem = Assembly-CSharp.csproj
		Policies = $0
		$0.TextStylePolicy = $1
		$1.inheritsSet = null
		$1.scope = text/x-csharp
		$0.CSharpFormattingPolicy = $2
		$2.inheritsSet = Mono
		$2.inheritsScope = text/x-csharp
		$2.scope = text/x-csharp
		$0.TextStylePolicy = $3
		$3.FileWidth = 120
		$3.TabWidth = 4
		$3.IndentWidth = 4
		$3.EolMarker = Unix
		$3.inheritsSet = Mono
		$3.inheritsScope = text/plain
		$3.scope = text/plain
	EndGlobalSection

EndGlobal
